# This file is autogenerated, do not edit; changes may be undone by the next 'dep ensure'.


[[projects]]
  digest = "1:2f7d86b837288de980026af93be9a6fd9797c6b32f79af4484bc73f2e57b4ac4"
  name = "github.com/integrii/flaggy"
  packages = ["."]
  pruneopts = "UT"
  revision = "f984caf11202679c1af76286c324d281cbe0da94"
  version = "1.1.0"

[solve-meta]
  analyzer-name = "dep"
  analyzer-version = 1
  input-imports = ["github.com/integrii/flaggy"]
  solver-name = "gps-cdcl"
  solver-version = 1
